
Microsoft Visual Studio Solution File, Format Version 12.00
# Visual Studio Version 16
VisualStudioVersion = 16.0.31409.214
MinimumVisualStudioVersion = 10.0.40219.1
Project("{FAE04EC0-301F-11D3-BF4B-00C04F79EFBC}") = "Hospital Project", "Hospital Project.csproj", "{235D6AA4-6F97-4AE5-AE86-B64BB85495E4}"
EndProject
Global
	GlobalSection(SolutionConfigurationPlatforms) = preSolution
		Debug|Any CPU = Debug|Any CPU
		Release|Any CPU = Release|Any CPU
	EndGlobalSection
	GlobalSection(ProjectConfigurationPlatforms) = postSolution
		{235D6AA4-6F97-4AE5-AE86-B64BB85495E4}.Debug|Any CPU.ActiveCfg = Debug|Any CPU
		{235D6AA4-6F97-4AE5-AE86-B64BB85495E4}.Debug|Any CPU.Build.0 = Debug|Any CPU
		{235D6AA4-6F97-4AE5-AE86-B64BB85495E4}.Release|Any CPU.ActiveCfg = Release|Any CPU
		{235D6AA4-6F97-4AE5-AE86-B64BB85495E4}.Release|Any CPU.Build.0 = Release|Any CPU
	EndGlobalSection
	GlobalSection(SolutionProperties) = preSolution
		HideSolutionNode = FALSE
	EndGlobalSection
	GlobalSection(ExtensibilityGlobals) = postSolution
		SolutionGuid = {C9D54D6E-100C-4D8E-BF51-514836082A60}
	EndGlobalSection
EndGlobal
